
Microsoft Visual Studio Solution File, Format Version 12.00
# Visual Studio 14
VisualStudioVersion = 14.0.23107.0
MinimumVisualStudioVersion = 10.0.40219.1
Project("{FAE04EC0-301F-11D3-BF4B-00C04F79EFBC}") = "SephElise", "SephElise\SephElise.csproj", "{36D5B533-9C99-4EB5-8A07-31C0D5BBA38A}"
EndProject
Project("{FAE04EC0-301F-11D3-BF4B-00C04F79EFBC}") = "SephKhazix", "SephKhazix\SephKhazix.csproj", "{7FA713BD-10E9-419F-A118-D3BB3B922ED9}"
EndProject
Project("{FAE04EC0-301F-11D3-BF4B-00C04F79EFBC}") = "SpotifySharp", "SpotifySharp\SpotifySharp.csproj", "{3AFAF246-F249-4068-8DB1-6C5D2D8257A3}"
EndProject
Project("{FAE04EC0-301F-11D3-BF4B-00C04F79EFBC}") = "iTunesSharp", "iTunesSharp\iTunesSharp.csproj", "{177C7745-F38E-4E02-84EF-5F588BADC64D}"
EndProject
Project("{FAE04EC0-301F-11D3-BF4B-00C04F79EFBC}") = "EloSharp", "EloSharp\EloSharp.csproj", "{EEFED276-8FDA-4A10-903A-D988412DD01C}"
EndProject
Project("{FAE04EC0-301F-11D3-BF4B-00C04F79EFBC}") = "AssemblySelector", "AssemblySelector\AssemblySelector.csproj", "{DB22F458-B0EC-4BB7-9E9B-5B41071760CE}"
EndProject
Project("{FAE04EC0-301F-11D3-BF4B-00C04F79EFBC}") = "ReplaySharp", "ReplaySharp\ReplaySharp.csproj", "{6DBD2BFB-E495-465B-AFD7-5DB0BA68594C}"
EndProject
Project("{FAE04EC0-301F-11D3-BF4B-00C04F79EFBC}") = "AutoZhonya", "AutoZhonya\AutoZhonya.csproj", "{DC85DC8F-1172-4C18-9AE0-A372F1ABCBE2}"
EndProject
Project("{FAE04EC0-301F-11D3-BF4B-00C04F79EFBC}") = "EloSharp V2", "EloSharp V2\EloSharp V2.csproj", "{6EF785FE-2039-44DC-895B-DC35250AFE1E}"
EndProject
Project("{FAE04EC0-301F-11D3-BF4B-00C04F79EFBC}") = "CCChainer", "CCChainer\CCChainer.csproj", "{89E39FA0-F52C-4267-9B0D-C3D6450457C5}"
EndProject
Project("{FAE04EC0-301F-11D3-BF4B-00C04F79EFBC}") = "LolBuilder", "LOLBuilder\LolBuilder.csproj", "{BD5B2DAD-85F1-40A7-92B8-6F4462A1A33E}"
EndProject
Project("{FAE04EC0-301F-11D3-BF4B-00C04F79EFBC}") = "SephKayle", "SephKayle\SephKayle.csproj", "{42D2B3C4-95D8-428A-8E86-95BC140A310B}"
EndProject
Project("{FAE04EC0-301F-11D3-BF4B-00C04F79EFBC}") = "SephLissandra", "SephLissandra\SephLissandra.csproj", "{0281CB41-B1CF-485D-8164-75CC8EB2558D}"
EndProject
Project("{FAE04EC0-301F-11D3-BF4B-00C04F79EFBC}") = "SephLux", "SephLux\SephLux.csproj", "{18D10F95-C6D0-47EE-A415-CB461C559F67}"
EndProject
Project("{FAE04EC0-301F-11D3-BF4B-00C04F79EFBC}") = "SephCassiopeia", "SephCassiopeia\SephCassiopeia.csproj", "{C422B64C-826F-44BF-B02C-08DF3CC7CB20}"
EndProject
Project("{FAE04EC0-301F-11D3-BF4B-00C04F79EFBC}") = "SkinsSharp", "SkinsSharp\SkinsSharp.csproj", "{BE063022-17CD-4B73-A719-1982718F452D}"
EndProject
Project("{FAE04EC0-301F-11D3-BF4B-00C04F79EFBC}") = "SephSoraka", "SephSoraka\SephSoraka.csproj", "{ED374919-3A57-4120-81BB-0E2EAFD686A4}"
EndProject
Project("{FAE04EC0-301F-11D3-BF4B-00C04F79EFBC}") = "YTSharp", "YTSharp\YTSharp.csproj", "{5AE9F483-E0DC-4DA0-B0ED-A367F7E13059}"
EndProject
Project("{FAE04EC0-301F-11D3-BF4B-00C04F79EFBC}") = "PingSpammer", "PingSpammer\PingSpammer.csproj", "{0683857E-FEEA-4835-A3B8-F0195E636A99}"
EndProject
Global
	GlobalSection(SolutionConfigurationPlatforms) = preSolution
		Debug|Any CPU = Debug|Any CPU
		Release|Any CPU = Release|Any CPU
	EndGlobalSection
	GlobalSection(ProjectConfigurationPlatforms) = postSolution
		{36D5B533-9C99-4EB5-8A07-31C0D5BBA38A}.Debug|Any CPU.ActiveCfg = Debug|Any CPU
		{36D5B533-9C99-4EB5-8A07-31C0D5BBA38A}.Debug|Any CPU.Build.0 = Debug|Any CPU
		{36D5B533-9C99-4EB5-8A07-31C0D5BBA38A}.Release|Any CPU.ActiveCfg = Release|Any CPU
		{36D5B533-9C99-4EB5-8A07-31C0D5BBA38A}.Release|Any CPU.Build.0 = Release|Any CPU
		{7FA713BD-10E9-419F-A118-D3BB3B922ED9}.Debug|Any CPU.ActiveCfg = Debug|Any CPU
		{7FA713BD-10E9-419F-A118-D3BB3B922ED9}.Debug|Any CPU.Build.0 = Debug|Any CPU
		{7FA713BD-10E9-419F-A118-D3BB3B922ED9}.Release|Any CPU.ActiveCfg = Release|Any CPU
		{7FA713BD-10E9-419F-A118-D3BB3B922ED9}.Release|Any CPU.Build.0 = Release|Any CPU
		{3AFAF246-F249-4068-8DB1-6C5D2D8257A3}.Debug|Any CPU.ActiveCfg = Debug|Any CPU
		{3AFAF246-F249-4068-8DB1-6C5D2D8257A3}.Debug|Any CPU.Build.0 = Debug|Any CPU
		{3AFAF246-F249-4068-8DB1-6C5D2D8257A3}.Release|Any CPU.ActiveCfg = Release|Any CPU
		{3AFAF246-F249-4068-8DB1-6C5D2D8257A3}.Release|Any CPU.Build.0 = Release|Any CPU
		{177C7745-F38E-4E02-84EF-5F588BADC64D}.Debug|Any CPU.ActiveCfg = Debug|Any CPU
		{177C7745-F38E-4E02-84EF-5F588BADC64D}.Debug|Any CPU.Build.0 = Debug|Any CPU
		{177C7745-F38E-4E02-84EF-5F588BADC64D}.Release|Any CPU.ActiveCfg = Release|Any CPU
		{177C7745-F38E-4E02-84EF-5F588BADC64D}.Release|Any CPU.Build.0 = Release|Any CPU
		{EEFED276-8FDA-4A10-903A-D988412DD01C}.Debug|Any CPU.ActiveCfg = Debug|Any CPU
		{EEFED276-8FDA-4A10-903A-D988412DD01C}.Debug|Any CPU.Build.0 = Debug|Any CPU
		{EEFED276-8FDA-4A10-903A-D988412DD01C}.Release|Any CPU.ActiveCfg = Release|Any CPU
		{EEFED276-8FDA-4A10-903A-D988412DD01C}.Release|Any CPU.Build.0 = Release|Any CPU
		{DB22F458-B0EC-4BB7-9E9B-5B41071760CE}.Debug|Any CPU.ActiveCfg = Debug|Any CPU
		{DB22F458-B0EC-4BB7-9E9B-5B41071760CE}.Debug|Any CPU.Build.0 = Debug|Any CPU
		{DB22F458-B0EC-4BB7-9E9B-5B41071760CE}.Release|Any CPU.ActiveCfg = Release|Any CPU
		{DB22F458-B0EC-4BB7-9E9B-5B41071760CE}.Release|Any CPU.Build.0 = Release|Any CPU
		{6DBD2BFB-E495-465B-AFD7-5DB0BA68594C}.Debug|Any CPU.ActiveCfg = Debug|Any CPU
		{6DBD2BFB-E495-465B-AFD7-5DB0BA68594C}.Debug|Any CPU.Build.0 = Debug|Any CPU
		{6DBD2BFB-E495-465B-AFD7-5DB0BA68594C}.Release|Any CPU.ActiveCfg = Release|Any CPU
		{6DBD2BFB-E495-465B-AFD7-5DB0BA68594C}.Release|Any CPU.Build.0 = Release|Any CPU
		{DC85DC8F-1172-4C18-9AE0-A372F1ABCBE2}.Debug|Any CPU.ActiveCfg = Debug|Any CPU
		{DC85DC8F-1172-4C18-9AE0-A372F1ABCBE2}.Debug|Any CPU.Build.0 = Debug|Any CPU
		{DC85DC8F-1172-4C18-9AE0-A372F1ABCBE2}.Release|Any CPU.ActiveCfg = Release|Any CPU
		{DC85DC8F-1172-4C18-9AE0-A372F1ABCBE2}.Release|Any CPU.Build.0 = Release|Any CPU
		{6EF785FE-2039-44DC-895B-DC35250AFE1E}.Debug|Any CPU.ActiveCfg = Debug|Any CPU
		{6EF785FE-2039-44DC-895B-DC35250AFE1E}.Debug|Any CPU.Build.0 = Debug|Any CPU
		{6EF785FE-2039-44DC-895B-DC35250AFE1E}.Release|Any CPU.ActiveCfg = Release|Any CPU
		{6EF785FE-2039-44DC-895B-DC35250AFE1E}.Release|Any CPU.Build.0 = Release|Any CPU
		{89E39FA0-F52C-4267-9B0D-C3D6450457C5}.Debug|Any CPU.ActiveCfg = Debug|Any CPU
		{89E39FA0-F52C-4267-9B0D-C3D6450457C5}.Debug|Any CPU.Build.0 = Debug|Any CPU
		{89E39FA0-F52C-4267-9B0D-C3D6450457C5}.Release|Any CPU.ActiveCfg = Release|Any CPU
		{89E39FA0-F52C-4267-9B0D-C3D6450457C5}.Release|Any CPU.Build.0 = Release|Any CPU
		{BD5B2DAD-85F1-40A7-92B8-6F4462A1A33E}.Debug|Any CPU.ActiveCfg = Debug|Any CPU
		{BD5B2DAD-85F1-40A7-92B8-6F4462A1A33E}.Debug|Any CPU.Build.0 = Debug|Any CPU
		{BD5B2DAD-85F1-40A7-92B8-6F4462A1A33E}.Release|Any CPU.ActiveCfg = Release|Any CPU
		{BD5B2DAD-85F1-40A7-92B8-6F4462A1A33E}.Release|Any CPU.Build.0 = Release|Any CPU
		{42D2B3C4-95D8-428A-8E86-95BC140A310B}.Debug|Any CPU.ActiveCfg = Debug|Any CPU
		{42D2B3C4-95D8-428A-8E86-95BC140A310B}.Debug|Any CPU.Build.0 = Debug|Any CPU
		{42D2B3C4-95D8-428A-8E86-95BC140A310B}.Release|Any CPU.ActiveCfg = Release|Any CPU
		{42D2B3C4-95D8-428A-8E86-95BC140A310B}.Release|Any CPU.Build.0 = Release|Any CPU
		{0281CB41-B1CF-485D-8164-75CC8EB2558D}.Debug|Any CPU.ActiveCfg = Debug|Any CPU
		{0281CB41-B1CF-485D-8164-75CC8EB2558D}.Debug|Any CPU.Build.0 = Debug|Any CPU
		{0281CB41-B1CF-485D-8164-75CC8EB2558D}.Release|Any CPU.ActiveCfg = Release|Any CPU
		{0281CB41-B1CF-485D-8164-75CC8EB2558D}.Release|Any CPU.Build.0 = Release|Any CPU
		{18D10F95-C6D0-47EE-A415-CB461C559F67}.Debug|Any CPU.ActiveCfg = Debug|Any CPU
		{18D10F95-C6D0-47EE-A415-CB461C559F67}.Debug|Any CPU.Build.0 = Debug|Any CPU
		{18D10F95-C6D0-47EE-A415-CB461C559F67}.Release|Any CPU.ActiveCfg = Release|Any CPU
		{18D10F95-C6D0-47EE-A415-CB461C559F67}.Release|Any CPU.Build.0 = Release|Any CPU
		{C422B64C-826F-44BF-B02C-08DF3CC7CB20}.Debug|Any CPU.ActiveCfg = Debug|Any CPU
		{C422B64C-826F-44BF-B02C-08DF3CC7CB20}.Debug|Any CPU.Build.0 = Debug|Any CPU
		{C422B64C-826F-44BF-B02C-08DF3CC7CB20}.Release|Any CPU.ActiveCfg = Release|Any CPU
		{C422B64C-826F-44BF-B02C-08DF3CC7CB20}.Release|Any CPU.Build.0 = Release|Any CPU
		{BE063022-17CD-4B73-A719-1982718F452D}.Debug|Any CPU.ActiveCfg = Debug|Any CPU
		{BE063022-17CD-4B73-A719-1982718F452D}.Debug|Any CPU.Build.0 = Debug|Any CPU
		{BE063022-17CD-4B73-A719-1982718F452D}.Release|Any CPU.ActiveCfg = Release|Any CPU
		{BE063022-17CD-4B73-A719-1982718F452D}.Release|Any CPU.Build.0 = Release|Any CPU
		{ED374919-3A57-4120-81BB-0E2EAFD686A4}.Debug|Any CPU.ActiveCfg = Debug|Any CPU
		{ED374919-3A57-4120-81BB-0E2EAFD686A4}.Debug|Any CPU.Build.0 = Debug|Any CPU
		{ED374919-3A57-4120-81BB-0E2EAFD686A4}.Release|Any CPU.ActiveCfg = Release|Any CPU
		{ED374919-3A57-4120-81BB-0E2EAFD686A4}.Release|Any CPU.Build.0 = Release|Any CPU
		{5AE9F483-E0DC-4DA0-B0ED-A367F7E13059}.Debug|Any CPU.ActiveCfg = Debug|Any CPU
		{5AE9F483-E0DC-4DA0-B0ED-A367F7E13059}.Debug|Any CPU.Build.0 = Debug|Any CPU
		{5AE9F483-E0DC-4DA0-B0ED-A367F7E13059}.Release|Any CPU.ActiveCfg = Release|Any CPU
		{5AE9F483-E0DC-4DA0-B0ED-A367F7E13059}.Release|Any CPU.Build.0 = Release|Any CPU
		{0683857E-FEEA-4835-A3B8-F0195E636A99}.Debug|Any CPU.ActiveCfg = Debug|Any CPU
		{0683857E-FEEA-4835-A3B8-F0195E636A99}.Debug|Any CPU.Build.0 = Debug|Any CPU
		{0683857E-FEEA-4835-A3B8-F0195E636A99}.Release|Any CPU.ActiveCfg = Release|Any CPU
		{0683857E-FEEA-4835-A3B8-F0195E636A99}.Release|Any CPU.Build.0 = Release|Any CPU
	EndGlobalSection
	GlobalSection(SolutionProperties) = preSolution
		HideSolutionNode = FALSE
	EndGlobalSection
EndGlobal
